
Microsoft Visual Studio Solution File, Format Version 12.00
Project("{FAE04EC0-301F-11D3-BF4B-00C04F79EFBC}") = "SandwichBot", "SandwichBot\SandwichBot.csproj", "{B6B6B773-4771-4CBC-9C8C-C91291670444}"
EndProject
Project("{FAE04EC0-301F-11D3-BF4B-00C04F79EFBC}") = "DiscordBot5", "DiscordBotV5\DiscordBot5\DiscordBot5.csproj", "{A7C928F9-42CC-49D1-A783-21B7D3DF92C0}"
EndProject
Project("{FAE04EC0-301F-11D3-BF4B-00C04F79EFBC}") = "SandwichBot.Tests", "SandwichBot.Tests\SandwichBot.Tests.csproj", "{84CE9A03-2557-449F-8AF7-1499B7112CF1}"
EndProject
Global
	GlobalSection(SolutionConfigurationPlatforms) = preSolution
		Debug|Any CPU = Debug|Any CPU
		Release|Any CPU = Release|Any CPU
	EndGlobalSection
	GlobalSection(ProjectConfigurationPlatforms) = postSolution
		{B6B6B773-4771-4CBC-9C8C-C91291670444}.Debug|Any CPU.ActiveCfg = Debug|Any CPU
		{B6B6B773-4771-4CBC-9C8C-C91291670444}.Debug|Any CPU.Build.0 = Debug|Any CPU
		{B6B6B773-4771-4CBC-9C8C-C91291670444}.Release|Any CPU.ActiveCfg = Release|Any CPU
		{B6B6B773-4771-4CBC-9C8C-C91291670444}.Release|Any CPU.Build.0 = Release|Any CPU
		{A7C928F9-42CC-49D1-A783-21B7D3DF92C0}.Debug|Any CPU.ActiveCfg = Debug|Any CPU
		{A7C928F9-42CC-49D1-A783-21B7D3DF92C0}.Debug|Any CPU.Build.0 = Debug|Any CPU
		{A7C928F9-42CC-49D1-A783-21B7D3DF92C0}.Release|Any CPU.ActiveCfg = Release|Any CPU
		{A7C928F9-42CC-49D1-A783-21B7D3DF92C0}.Release|Any CPU.Build.0 = Release|Any CPU
		{84CE9A03-2557-449F-8AF7-1499B7112CF1}.Debug|Any CPU.ActiveCfg = Debug|Any CPU
		{84CE9A03-2557-449F-8AF7-1499B7112CF1}.Debug|Any CPU.Build.0 = Debug|Any CPU
		{84CE9A03-2557-449F-8AF7-1499B7112CF1}.Release|Any CPU.ActiveCfg = Release|Any CPU
		{84CE9A03-2557-449F-8AF7-1499B7112CF1}.Release|Any CPU.Build.0 = Release|Any CPU
	EndGlobalSection
EndGlobal
